
Microsoft Visual Studio Solution File, Format Version 12.00
# Visual Studio Version 17
VisualStudioVersion = 17.1.32228.430
MinimumVisualStudioVersion = 10.0.40219.1
Project("{FAE04EC0-301F-11D3-BF4B-00C04F79EFBC}") = "Lab1", "Lab1\Lab1.csproj", "{C6EC38F9-1497-4209-B282-E925351B0CD1}"
EndProject
Global
	GlobalSection(SolutionConfigurationPlatforms) = preSolution
		Debug|Any CPU = Debug|Any CPU
		Release|Any CPU = Release|Any CPU
	EndGlobalSection
	GlobalSection(ProjectConfigurationPlatforms) = postSolution
		{C6EC38F9-1497-4209-B282-E925351B0CD1}.Debug|Any CPU.ActiveCfg = Debug|Any CPU
		{C6EC38F9-1497-4209-B282-E925351B0CD1}.Debug|Any CPU.Build.0 = Debug|Any CPU
		{C6EC38F9-1497-4209-B282-E925351B0CD1}.Release|Any CPU.ActiveCfg = Release|Any CPU
		{C6EC38F9-1497-4209-B282-E925351B0CD1}.Release|Any CPU.Build.0 = Release|Any CPU
	EndGlobalSection
	GlobalSection(SolutionProperties) = preSolution
		HideSolutionNode = FALSE
	EndGlobalSection
	GlobalSection(ExtensibilityGlobals) = postSolution
		SolutionGuid = {FCE069CF-5894-402D-9755-F116160587FA}
	EndGlobalSection
EndGlobal
